
Microsoft Visual Studio Solution File, Format Version 12.00
# Visual Studio Version 16
VisualStudioVersion = 16.0.30915.42
MinimumVisualStudioVersion = 10.0.40219.1
Project("{FAE04EC0-301F-11D3-BF4B-00C04F79EFBC}") = "WebApp50-01", "WebApp50-01\WebApp50-01.csproj", "{F961D8EA-FAA6-4790-8D50-4F4BE5EA6EC2}"
EndProject
Global
	GlobalSection(SolutionConfigurationPlatforms) = preSolution
		Debug|Any CPU = Debug|Any CPU
		Release|Any CPU = Release|Any CPU
	EndGlobalSection
	GlobalSection(ProjectConfigurationPlatforms) = postSolution
		{F961D8EA-FAA6-4790-8D50-4F4BE5EA6EC2}.Debug|Any CPU.ActiveCfg = Debug|Any CPU
		{F961D8EA-FAA6-4790-8D50-4F4BE5EA6EC2}.Debug|Any CPU.Build.0 = Debug|Any CPU
		{F961D8EA-FAA6-4790-8D50-4F4BE5EA6EC2}.Release|Any CPU.ActiveCfg = Release|Any CPU
		{F961D8EA-FAA6-4790-8D50-4F4BE5EA6EC2}.Release|Any CPU.Build.0 = Release|Any CPU
	EndGlobalSection
	GlobalSection(SolutionProperties) = preSolution
		HideSolutionNode = FALSE
	EndGlobalSection
	GlobalSection(ExtensibilityGlobals) = postSolution
		SolutionGuid = {FF76E22C-B17F-46F5-81BF-CFE6E3EA00DF}
	EndGlobalSection
EndGlobal
