
Microsoft Visual Studio Solution File, Format Version 12.00
# Visual Studio Version 16
VisualStudioVersion = 16.0.30201.181
MinimumVisualStudioVersion = 10.0.40219.1
Project("{9A19103F-16F7-4668-BE54-9A1E7A4F7556}") = "WebRazorCore01", "WebRazorCore01\WebRazorCore01.csproj", "{AFEC667B-10A5-45C9-9966-04BA2E8E7871}"
EndProject
Project("{00D1A9C2-B5F0-4AF3-8072-F6C62B433612}") = "Database1", "Database1\Database1.sqlproj", "{C26B2A59-7E3E-4898-8F7A-2485D0CCD54B}"
EndProject
Global
	GlobalSection(SolutionConfigurationPlatforms) = preSolution
		Debug|Any CPU = Debug|Any CPU
		Release|Any CPU = Release|Any CPU
	EndGlobalSection
	GlobalSection(ProjectConfigurationPlatforms) = postSolution
		{AFEC667B-10A5-45C9-9966-04BA2E8E7871}.Debug|Any CPU.ActiveCfg = Debug|Any CPU
		{AFEC667B-10A5-45C9-9966-04BA2E8E7871}.Debug|Any CPU.Build.0 = Debug|Any CPU
		{AFEC667B-10A5-45C9-9966-04BA2E8E7871}.Release|Any CPU.ActiveCfg = Release|Any CPU
		{AFEC667B-10A5-45C9-9966-04BA2E8E7871}.Release|Any CPU.Build.0 = Release|Any CPU
		{C26B2A59-7E3E-4898-8F7A-2485D0CCD54B}.Debug|Any CPU.ActiveCfg = Debug|Any CPU
		{C26B2A59-7E3E-4898-8F7A-2485D0CCD54B}.Debug|Any CPU.Build.0 = Debug|Any CPU
		{C26B2A59-7E3E-4898-8F7A-2485D0CCD54B}.Debug|Any CPU.Deploy.0 = Debug|Any CPU
		{C26B2A59-7E3E-4898-8F7A-2485D0CCD54B}.Release|Any CPU.ActiveCfg = Release|Any CPU
		{C26B2A59-7E3E-4898-8F7A-2485D0CCD54B}.Release|Any CPU.Build.0 = Release|Any CPU
		{C26B2A59-7E3E-4898-8F7A-2485D0CCD54B}.Release|Any CPU.Deploy.0 = Release|Any CPU
	EndGlobalSection
	GlobalSection(SolutionProperties) = preSolution
		HideSolutionNode = FALSE
	EndGlobalSection
	GlobalSection(ExtensibilityGlobals) = postSolution
		SolutionGuid = {DC9E4020-48F2-49A3-B832-1B6138050990}
	EndGlobalSection
EndGlobal
